
Microsoft Visual Studio Solution File, Format Version 12.00
# Visual Studio Version 17
VisualStudioVersion = 17.4.33213.308
MinimumVisualStudioVersion = 10.0.40219.1
Project("{FAE04EC0-301F-11D3-BF4B-00C04F79EFBC}") = "CMS", "CMS\CMS.csproj", "{196390C3-75D3-4D64-B43B-815A19A03CDB}"
EndProject
Global
	GlobalSection(SolutionConfigurationPlatforms) = preSolution
		Debug|Any CPU = Debug|Any CPU
		Release|Any CPU = Release|Any CPU
	EndGlobalSection
	GlobalSection(ProjectConfigurationPlatforms) = postSolution
		{196390C3-75D3-4D64-B43B-815A19A03CDB}.Debug|Any CPU.ActiveCfg = Debug|Any CPU
		{196390C3-75D3-4D64-B43B-815A19A03CDB}.Debug|Any CPU.Build.0 = Debug|Any CPU
		{196390C3-75D3-4D64-B43B-815A19A03CDB}.Release|Any CPU.ActiveCfg = Release|Any CPU
		{196390C3-75D3-4D64-B43B-815A19A03CDB}.Release|Any CPU.Build.0 = Release|Any CPU
	EndGlobalSection
	GlobalSection(SolutionProperties) = preSolution
		HideSolutionNode = FALSE
	EndGlobalSection
	GlobalSection(ExtensibilityGlobals) = postSolution
		SolutionGuid = {F99B6E60-B69D-4A75-86F2-07234B11232F}
	EndGlobalSection
EndGlobal
